
Microsoft Visual Studio Solution File, Format Version 12.00
# Visual Studio Version 17
VisualStudioVersion = 17.14.36511.14
MinimumVisualStudioVersion = 10.0.40219.1
Project("{FAE04EC0-301F-11D3-BF4B-00C04F79EFBC}") = "ClassLibrary", "ClassLibrary.csproj", "{1D762094-9FB0-46B8-BD32-31AEC7ECE567}"
EndProject
Project("{FAE04EC0-301F-11D3-BF4B-00C04F79EFBC}") = "WebAPI", "..\WebAPI\WebAPI.csproj", "{97FE4171-D41B-4123-A0F8-A1A8E16883EE}"
EndProject
Project("{FAE04EC0-301F-11D3-BF4B-00C04F79EFBC}") = "MVC", "..\MVC\MVC.csproj", "{78536027-45BE-442F-96CA-5926095686FA}"
EndProject
Project("{FAE04EC0-301F-11D3-BF4B-00C04F79EFBC}") = "WebAPITest", "..\WebAPITest\WebAPITest.csproj", "{C4FC8EA4-6233-05F1-C021-4D886598E523}"
EndProject
Project("{FAE04EC0-301F-11D3-BF4B-00C04F79EFBC}") = "MVCTest", "..\MVCTest\MVCTest.csproj", "{BCAA025F-4E30-6B4C-39BC-DBB2264A93C0}"
EndProject
Global
	GlobalSection(SolutionConfigurationPlatforms) = preSolution
		Debug|Any CPU = Debug|Any CPU
		Release|Any CPU = Release|Any CPU
	EndGlobalSection
	GlobalSection(ProjectConfigurationPlatforms) = postSolution
		{1D762094-9FB0-46B8-BD32-31AEC7ECE567}.Debug|Any CPU.ActiveCfg = Debug|Any CPU
		{1D762094-9FB0-46B8-BD32-31AEC7ECE567}.Debug|Any CPU.Build.0 = Debug|Any CPU
		{1D762094-9FB0-46B8-BD32-31AEC7ECE567}.Release|Any CPU.ActiveCfg = Release|Any CPU
		{1D762094-9FB0-46B8-BD32-31AEC7ECE567}.Release|Any CPU.Build.0 = Release|Any CPU
		{97FE4171-D41B-4123-A0F8-A1A8E16883EE}.Debug|Any CPU.ActiveCfg = Debug|Any CPU
		{97FE4171-D41B-4123-A0F8-A1A8E16883EE}.Debug|Any CPU.Build.0 = Debug|Any CPU
		{97FE4171-D41B-4123-A0F8-A1A8E16883EE}.Release|Any CPU.ActiveCfg = Release|Any CPU
		{97FE4171-D41B-4123-A0F8-A1A8E16883EE}.Release|Any CPU.Build.0 = Release|Any CPU
		{78536027-45BE-442F-96CA-5926095686FA}.Debug|Any CPU.ActiveCfg = Debug|Any CPU
		{78536027-45BE-442F-96CA-5926095686FA}.Debug|Any CPU.Build.0 = Debug|Any CPU
		{78536027-45BE-442F-96CA-5926095686FA}.Release|Any CPU.ActiveCfg = Release|Any CPU
		{78536027-45BE-442F-96CA-5926095686FA}.Release|Any CPU.Build.0 = Release|Any CPU
		{C4FC8EA4-6233-05F1-C021-4D886598E523}.Debug|Any CPU.ActiveCfg = Debug|Any CPU
		{C4FC8EA4-6233-05F1-C021-4D886598E523}.Debug|Any CPU.Build.0 = Debug|Any CPU
		{C4FC8EA4-6233-05F1-C021-4D886598E523}.Release|Any CPU.ActiveCfg = Release|Any CPU
		{C4FC8EA4-6233-05F1-C021-4D886598E523}.Release|Any CPU.Build.0 = Release|Any CPU
		{BCAA025F-4E30-6B4C-39BC-DBB2264A93C0}.Debug|Any CPU.ActiveCfg = Debug|Any CPU
		{BCAA025F-4E30-6B4C-39BC-DBB2264A93C0}.Debug|Any CPU.Build.0 = Debug|Any CPU
		{BCAA025F-4E30-6B4C-39BC-DBB2264A93C0}.Release|Any CPU.ActiveCfg = Release|Any CPU
		{BCAA025F-4E30-6B4C-39BC-DBB2264A93C0}.Release|Any CPU.Build.0 = Release|Any CPU
	EndGlobalSection
	GlobalSection(SolutionProperties) = preSolution
		HideSolutionNode = FALSE
	EndGlobalSection
	GlobalSection(ExtensibilityGlobals) = postSolution
		SolutionGuid = {B46F690D-43BC-46F1-89CC-FF81CEB0A221}
	EndGlobalSection
EndGlobal
